
Microsoft Visual Studio Solution File, Format Version 11.00
# Visual Studio 2010
Project("{FAE04EC0-301F-11D3-BF4B-00C04F79EFBC}") = "Assembly-CSharp", "Assembly-CSharp.csproj", "{c9918e2f-4722-4258-22e1-c6d1da2932f6}"
EndProject
Project("{FAE04EC0-301F-11D3-BF4B-00C04F79EFBC}") = "Assembly-CSharp-Editor", "Assembly-CSharp-Editor.csproj", "{6942d4c2-0705-499a-704a-bc3c24598913}"
EndProject
Global
	GlobalSection(SolutionConfigurationPlatforms) = preSolution
		Debug|Any CPU = Debug|Any CPU
	EndGlobalSection
	GlobalSection(ProjectConfigurationPlatforms) = postSolution
		{c9918e2f-4722-4258-22e1-c6d1da2932f6}.Debug|Any CPU.ActiveCfg = Debug|Any CPU
		{c9918e2f-4722-4258-22e1-c6d1da2932f6}.Debug|Any CPU.Build.0 = Debug|Any CPU
		{6942d4c2-0705-499a-704a-bc3c24598913}.Debug|Any CPU.ActiveCfg = Debug|Any CPU
		{6942d4c2-0705-499a-704a-bc3c24598913}.Debug|Any CPU.Build.0 = Debug|Any CPU
	EndGlobalSection
	GlobalSection(SolutionProperties) = preSolution
		HideSolutionNode = FALSE
	EndGlobalSection
EndGlobal
